
Microsoft Visual Studio Solution File, Format Version 12.00
# Visual Studio Version 16
VisualStudioVersion = 16.0.29709.97
MinimumVisualStudioVersion = 10.0.40219.1
Project("{FAE04EC0-301F-11D3-BF4B-00C04F79EFBC}") = "FlyWeightSample", "FlyWeightSample\FlyWeightSample.csproj", "{50AF9D58-DC7C-4A24-9EC0-8EE8E9A76116}"
EndProject
Global
	GlobalSection(SolutionConfigurationPlatforms) = preSolution
		Debug|Any CPU = Debug|Any CPU
		Release|Any CPU = Release|Any CPU
	EndGlobalSection
	GlobalSection(ProjectConfigurationPlatforms) = postSolution
		{50AF9D58-DC7C-4A24-9EC0-8EE8E9A76116}.Debug|Any CPU.ActiveCfg = Debug|Any CPU
		{50AF9D58-DC7C-4A24-9EC0-8EE8E9A76116}.Debug|Any CPU.Build.0 = Debug|Any CPU
		{50AF9D58-DC7C-4A24-9EC0-8EE8E9A76116}.Release|Any CPU.ActiveCfg = Release|Any CPU
		{50AF9D58-DC7C-4A24-9EC0-8EE8E9A76116}.Release|Any CPU.Build.0 = Release|Any CPU
	EndGlobalSection
	GlobalSection(SolutionProperties) = preSolution
		HideSolutionNode = FALSE
	EndGlobalSection
	GlobalSection(ExtensibilityGlobals) = postSolution
		SolutionGuid = {A62A36F9-67D2-4CCF-88F4-AFF6812C5284}
	EndGlobalSection
EndGlobal
